// !$*UTF8*$!
{
	archiveVersion = 1;
	classes = {
	};
	objectVersion = 77;
	objects = {

/* Begin PBXBuildFile section */
		9A5F14702FE3A4FF005B7BEC /* WidgetKit.framework in Frameworks */ = {isa = PBXBuildFile; fileRef = 9A5F146F2FE3A4FF005B7BEC /* WidgetKit.framework */; };
		9A5F14722FE3A4FF005B7BEC /* SwiftUI.framework in Frameworks */ = {isa = PBXBuildFile; fileRef = 9A5F14712FE3A4FF005B7BEC /* SwiftUI.framework */; };
		9A5F14832FE3A500005B7BEC /* SummitWidgetsExtension.appex in Embed Foundation Extensions */ = {isa = PBXBuildFile; fileRef = 9A5F146D2FE3A4FF005B7BEC /* SummitWidgetsExtension.appex */; settings = {ATTRIBUTES = (RemoveHeadersOnCopy, ); }; };
		9A5F14912FE3A671005B7BEC /* SummitWatch Watch App.app in Embed Watch Content */ = {isa = PBXBuildFile; fileRef = 9A5F14902FE3A671005B7BEC /* SummitWatch Watch App.app */; settings = {ATTRIBUTES = (RemoveHeadersOnCopy, ); }; };
		9ABEA8262FF5C4D9001C48A7 /* WidgetKit.framework in Frameworks */ = {isa = PBXBuildFile; fileRef = 9A5F146F2FE3A4FF005B7BEC /* WidgetKit.framework */; };
		9ABEA8272FF5C4D9001C48A7 /* SwiftUI.framework in Frameworks */ = {isa = PBXBuildFile; fileRef = 9A5F14712FE3A4FF005B7BEC /* SwiftUI.framework */; };
		9ABEA8362FF5C4DB001C48A7 /* SummitWatchWidgetsExtension.appex in Embed Foundation Extensions */ = {isa = PBXBuildFile; fileRef = 9ABEA8252FF5C4D9001C48A7 /* SummitWatchWidgetsExtension.appex */; settings = {ATTRIBUTES = (RemoveHeadersOnCopy, ); }; };
		9ACC449F2FE7223500A8194E /* Auth in Frameworks */ = {isa = PBXBuildFile; productRef = 9ACC449E2FE7223500A8194E /* Auth */; };
		9ACC44A12FE7223500A8194E /* Functions in Frameworks */ = {isa = PBXBuildFile; productRef = 9ACC44A02FE7223500A8194E /* Functions */; };
		9ACC44A32FE7223500A8194E /* PostgREST in Frameworks */ = {isa = PBXBuildFile; productRef = 9ACC44A22FE7223500A8194E /* PostgREST */; };
		9ACC44A52FE7223500A8194E /* Realtime in Frameworks */ = {isa = PBXBuildFile; productRef = 9ACC44A42FE7223500A8194E /* Realtime */; };
		9ACC44A72FE7223500A8194E /* Storage in Frameworks */ = {isa = PBXBuildFile; productRef = 9ACC44A62FE7223500A8194E /* Storage */; };
		9ACC44A92FE7223500A8194E /* Supabase in Frameworks */ = {isa = PBXBuildFile; productRef = 9ACC44A82FE7223500A8194E /* Supabase */; };
/* End PBXBuildFile section */

/* Begin PBXContainerItemProxy section */
		9A5F14812FE3A500005B7BEC /* PBXContainerItemProxy */ = {
			isa = PBXContainerItemProxy;
			containerPortal = 9A90DFDF2FD33A1400FA7078 /* Project object */;
			proxyType = 1;
			remoteGlobalIDString = 9A5F146C2FE3A4FF005B7BEC;
			remoteInfo = SummitWidgetsExtension;
		};
		9A5F14922FE3A671005B7BEC /* PBXContainerItemProxy */ = {
			isa = PBXContainerItemProxy;
			containerPortal = 9A90DFDF2FD33A1400FA7078 /* Project object */;
			proxyType = 1;
			remoteGlobalIDString = 9A5F148F2FE3A671005B7BEC;
			remoteInfo = "SummitWatch Watch App";
		};
		9A5F14A02FE3A673005B7BEC /* PBXContainerItemProxy */ = {
			isa = PBXContainerItemProxy;
			containerPortal = 9A90DFDF2FD33A1400FA7078 /* Project object */;
			proxyType = 1;
			remoteGlobalIDString = 9A5F148F2FE3A671005B7BEC;
			remoteInfo = "SummitWatch Watch App";
		};
		9A5F14AA2FE3A673005B7BEC /* PBXContainerItemProxy */ = {
			isa = PBXContainerItemProxy;
			containerPortal = 9A90DFDF2FD33A1400FA7078 /* Project object */;
			proxyType = 1;
			remoteGlobalIDString = 9A5F148F2FE3A671005B7BEC;
			remoteInfo = "SummitWatch Watch App";
		};
		9A90DFF92FD33A1600FA7078 /* PBXContainerItemProxy */ = {
			isa = PBXContainerItemProxy;
			containerPortal = 9A90DFDF2FD33A1400FA7078 /* Project object */;
			proxyType = 1;
			remoteGlobalIDString = 9A90DFE62FD33A1400FA7078;
			remoteInfo = Summit;
		};
		9A90E0032FD33A1600FA7078 /* PBXContainerItemProxy */ = {
			isa = PBXContainerItemProxy;
			containerPortal = 9A90DFDF2FD33A1400FA7078 /* Project object */;
			proxyType = 1;
			remoteGlobalIDString = 9A90DFE62FD33A1400FA7078;
			remoteInfo = Summit;
		};
		9ABEA8342FF5C4DB001C48A7 /* PBXContainerItemProxy */ = {
			isa = PBXContainerItemProxy;
			containerPortal = 9A90DFDF2FD33A1400FA7078 /* Project object */;
			proxyType = 1;
			remoteGlobalIDString = 9ABEA8242FF5C4D9001C48A7;
			remoteInfo = SummitWatchWidgetsExtension;
		};
/* End PBXContainerItemProxy section */

/* Begin PBXCopyFilesBuildPhase section */
		9A5F14882FE3A500005B7BEC /* Embed Foundation Extensions */ = {
			isa = PBXCopyFilesBuildPhase;
			buildActionMask = 2147483647;
			dstPath = "";
			dstSubfolderSpec = 13;
			files = (
				9A5F14832FE3A500005B7BEC /* SummitWidgetsExtension.appex in Embed Foundation Extensions */,
			);
			name = "Embed Foundation Extensions";
			runOnlyForDeploymentPostprocessing = 0;
		};
		9A5F14B42FE3A673005B7BEC /* Embed Watch Content */ = {
			isa = PBXCopyFilesBuildPhase;
			buildActionMask = 2147483647;
			dstPath = "$(CONTENTS_FOLDER_PATH)/Watch";
			dstSubfolderSpec = 16;
			files = (
				9A5F14912FE3A671005B7BEC /* SummitWatch Watch App.app in Embed Watch Content */,
			);
			name = "Embed Watch Content";
			runOnlyForDeploymentPostprocessing = 0;
		};
		9ABEA83B2FF5C4DB001C48A7 /* Embed Foundation Extensions */ = {
			isa = PBXCopyFilesBuildPhase;
			buildActionMask = 2147483647;
			dstPath = "";
			dstSubfolderSpec = 13;
			files = (
				9ABEA8362FF5C4DB001C48A7 /* SummitWatchWidgetsExtension.appex in Embed Foundation Extensions */,
			);
			name = "Embed Foundation Extensions";
			runOnlyForDeploymentPostprocessing = 0;
		};
/* End PBXCopyFilesBuildPhase section */

/* Begin PBXFileReference section */
		9A13E0122FF074880084FDE9 /* SummitWidgetsExtensionDebug.entitlements */ = {isa = PBXFileReference; lastKnownFileType = text.plist.entitlements; path = SummitWidgetsExtensionDebug.entitlements; sourceTree = "<group>"; };
		9A59D87B2FD353850038E040 /* Summit.xctestplan */ = {isa = PBXFileReference; lastKnownFileType = text; path = Summit.xctestplan; sourceTree = "<group>"; };
		9A5F146D2FE3A4FF005B7BEC /* SummitWidgetsExtension.appex */ = {isa = PBXFileReference; explicitFileType = "wrapper.app-extension"; includeInIndex = 0; path = SummitWidgetsExtension.appex; sourceTree = BUILT_PRODUCTS_DIR; };
		9A5F146F2FE3A4FF005B7BEC /* WidgetKit.framework */ = {isa = PBXFileReference; lastKnownFileType = wrapper.framework; name = WidgetKit.framework; path = System/Library/Frameworks/WidgetKit.framework; sourceTree = SDKROOT; };
		9A5F14712FE3A4FF005B7BEC /* SwiftUI.framework */ = {isa = PBXFileReference; lastKnownFileType = wrapper.framework; name = SwiftUI.framework; path = System/Library/Frameworks/SwiftUI.framework; sourceTree = SDKROOT; };
		9A5F148B2FE3A671005B7BEC /* SummitWatch.app */ = {isa = PBXFileReference; explicitFileType = wrapper.application; includeInIndex = 0; path = SummitWatch.app; sourceTree = BUILT_PRODUCTS_DIR; };
		9A5F14902FE3A671005B7BEC /* SummitWatch Watch App.app */ = {isa = PBXFileReference; explicitFileType = wrapper.application; includeInIndex = 0; path = "SummitWatch Watch App.app"; sourceTree = BUILT_PRODUCTS_DIR; };
		9A5F149F2FE3A673005B7BEC /* SummitWatch Watch AppTests.xctest */ = {isa = PBXFileReference; explicitFileType = wrapper.cfbundle; includeInIndex = 0; path = "SummitWatch Watch AppTests.xctest"; sourceTree = BUILT_PRODUCTS_DIR; };
		9A5F14A92FE3A673005B7BEC /* SummitWatch Watch AppUITests.xctest */ = {isa = PBXFileReference; explicitFileType = wrapper.cfbundle; includeInIndex = 0; path = "SummitWatch Watch AppUITests.xctest"; sourceTree = BUILT_PRODUCTS_DIR; };
		9A5F14BE2FE3AEBA005B7BEC /* SummitWidgetsExtensionRelease.entitlements */ = {isa = PBXFileReference; lastKnownFileType = text.plist.entitlements; path = SummitWidgetsExtensionRelease.entitlements; sourceTree = "<group>"; };
		9A90DFE72FD33A1400FA7078 /* Summit.app */ = {isa = PBXFileReference; explicitFileType = wrapper.application; includeInIndex = 0; path = Summit.app; sourceTree = BUILT_PRODUCTS_DIR; };
		9A90DFF82FD33A1600FA7078 /* SummitTests.xctest */ = {isa = PBXFileReference; explicitFileType = wrapper.cfbundle; includeInIndex = 0; path = SummitTests.xctest; sourceTree = BUILT_PRODUCTS_DIR; };
		9A90E0022FD33A1600FA7078 /* SummitUITests.xctest */ = {isa = PBXFileReference; explicitFileType = wrapper.cfbundle; includeInIndex = 0; path = SummitUITests.xctest; sourceTree = BUILT_PRODUCTS_DIR; };
		9ABEA8252FF5C4D9001C48A7 /* SummitWatchWidgetsExtension.appex */ = {isa = PBXFileReference; explicitFileType = "wrapper.app-extension"; includeInIndex = 0; path = SummitWatchWidgetsExtension.appex; sourceTree = BUILT_PRODUCTS_DIR; };
		9ABEA83C2FF5C50A001C48A7 /* SummitWatchWidgetsExtension.entitlements */ = {isa = PBXFileReference; lastKnownFileType = text.plist.entitlements; path = SummitWatchWidgetsExtension.entitlements; sourceTree = "<group>"; };
/* End PBXFileReference section */

/* Begin PBXFileSystemSynchronizedBuildFileExceptionSet section */
		9A5F14872FE3A500005B7BEC /* Exceptions for "SummitWidgets" folder in "SummitWidgetsExtension" target */ = {
			isa = PBXFileSystemSynchronizedBuildFileExceptionSet;
			membershipExceptions = (
				Info.plist,
			);
			target = 9A5F146C2FE3A4FF005B7BEC /* SummitWidgetsExtension */;
		};
		9A5F14CD2FE41466005B7BEC /* Exceptions for "Summit" folder in "SummitWidgetsExtension" target */ = {
			isa = PBXFileSystemSynchronizedBuildFileExceptionSet;
			membershipExceptions = (
				SpendingTodayAttributes.swift,
			);
			target = 9A5F146C2FE3A4FF005B7BEC /* SummitWidgetsExtension */;
		};
		9A90E00A2FD33A1600FA7078 /* Exceptions for "Summit" folder in "Summit" target */ = {
			isa = PBXFileSystemSynchronizedBuildFileExceptionSet;
			membershipExceptions = (
				Info.plist,
			);
			target = 9A90DFE62FD33A1400FA7078 /* Summit */;
		};
		9ABEA8372FF5C4DB001C48A7 /* Exceptions for "SummitWatchWidgets" folder in "SummitWatchWidgetsExtension" target */ = {
			isa = PBXFileSystemSynchronizedBuildFileExceptionSet;
			membershipExceptions = (
				Info.plist,
			);
			target = 9ABEA8242FF5C4D9001C48A7 /* SummitWatchWidgetsExtension */;
		};
/* End PBXFileSystemSynchronizedBuildFileExceptionSet section */

/* Begin PBXFileSystemSynchronizedRootGroup section */
		9A5F14732FE3A4FF005B7BEC /* SummitWidgets */ = {
			isa = PBXFileSystemSynchronizedRootGroup;
			exceptions = (
				9A5F14872FE3A500005B7BEC /* Exceptions for "SummitWidgets" folder in "SummitWidgetsExtension" target */,
			);
			path = SummitWidgets;
			sourceTree = "<group>";
		};
		9A5F14942FE3A671005B7BEC /* SummitWatch Watch App */ = {
			isa = PBXFileSystemSynchronizedRootGroup;
			path = "SummitWatch Watch App";
			sourceTree = "<group>";
		};
		9A5F14A22FE3A673005B7BEC /* SummitWatch Watch AppTests */ = {
			isa = PBXFileSystemSynchronizedRootGroup;
			path = "SummitWatch Watch AppTests";
			sourceTree = "<group>";
		};
		9A5F14AC2FE3A673005B7BEC /* SummitWatch Watch AppUITests */ = {
			isa = PBXFileSystemSynchronizedRootGroup;
			path = "SummitWatch Watch AppUITests";
			sourceTree = "<group>";
		};
		9A90DFE92FD33A1400FA7078 /* Summit */ = {
			isa = PBXFileSystemSynchronizedRootGroup;
			exceptions = (
				9A90E00A2FD33A1600FA7078 /* Exceptions for "Summit" folder in "Summit" target */,
				9A5F14CD2FE41466005B7BEC /* Exceptions for "Summit" folder in "SummitWidgetsExtension" target */,
			);
			path = Summit;
			sourceTree = "<group>";
		};
		9A90DFFB2FD33A1600FA7078 /* SummitTests */ = {
			isa = PBXFileSystemSynchronizedRootGroup;
			path = SummitTests;
			sourceTree = "<group>";
		};
		9A90E0052FD33A1600FA7078 /* SummitUITests */ = {
			isa = PBXFileSystemSynchronizedRootGroup;
			path = SummitUITests;
			sourceTree = "<group>";
		};
		9ABEA8282FF5C4D9001C48A7 /* SummitWatchWidgets */ = {
			isa = PBXFileSystemSynchronizedRootGroup;
			exceptions = (
				9ABEA8372FF5C4DB001C48A7 /* Exceptions for "SummitWatchWidgets" folder in "SummitWatchWidgetsExtension" target */,
			);
			path = SummitWatchWidgets;
			sourceTree = "<group>";
		};
/* End PBXFileSystemSynchronizedRootGroup section */

/* Begin PBXFrameworksBuildPhase section */
		9A5F146A2FE3A4FF005B7BEC /* Frameworks */ = {
			isa = PBXFrameworksBuildPhase;
			buildActionMask = 2147483647;
			files = (
				9A5F14722FE3A4FF005B7BEC /* SwiftUI.framework in Frameworks */,
				9A5F14702FE3A4FF005B7BEC /* WidgetKit.framework in Frameworks */,
			);
			runOnlyForDeploymentPostprocessing = 0;
		};
		9A5F148D2FE3A671005B7BEC /* Frameworks */ = {
			isa = PBXFrameworksBuildPhase;
			buildActionMask = 2147483647;
			files = (
			);
			runOnlyForDeploymentPostprocessing = 0;
		};
		9A5F149C2FE3A673005B7BEC /* Frameworks */ = {
			isa = PBXFrameworksBuildPhase;
			buildActionMask = 2147483647;
			files = (
			);
			runOnlyForDeploymentPostprocessing = 0;
		};
		9A5F14A62FE3A673005B7BEC /* Frameworks */ = {
			isa = PBXFrameworksBuildPhase;
			buildActionMask = 2147483647;
			files = (
			);
			runOnlyForDeploymentPostprocessing = 0;
		};
		9A90DFE42FD33A1400FA7078 /* Frameworks */ = {
			isa = PBXFrameworksBuildPhase;
			buildActionMask = 2147483647;
			files = (
				9ACC44A32FE7223500A8194E /* PostgREST in Frameworks */,
				9ACC44A12FE7223500A8194E /* Functions in Frameworks */,
				9ACC44A92FE7223500A8194E /* Supabase in Frameworks */,
				9ACC449F2FE7223500A8194E /* Auth in Frameworks */,
				9ACC44A72FE7223500A8194E /* Storage in Frameworks */,
				9ACC44A52FE7223500A8194E /* Realtime in Frameworks */,
			);
			runOnlyForDeploymentPostprocessing = 0;
		};
		9A90DFF52FD33A1600FA7078 /* Frameworks */ = {
			isa = PBXFrameworksBuildPhase;
			buildActionMask = 2147483647;
			files = (
			);
			runOnlyForDeploymentPostprocessing = 0;
		};
		9A90DFFF2FD33A1600FA7078 /* Frameworks */ = {
			isa = PBXFrameworksBuildPhase;
			buildActionMask = 2147483647;
			files = (
			);
			runOnlyForDeploymentPostprocessing = 0;
		};
		9ABEA8222FF5C4D9001C48A7 /* Frameworks */ = {
			isa = PBXFrameworksBuildPhase;
			buildActionMask = 2147483647;
			files = (
				9ABEA8272FF5C4D9001C48A7 /* SwiftUI.framework in Frameworks */,
				9ABEA8262FF5C4D9001C48A7 /* WidgetKit.framework in Frameworks */,
			);
			runOnlyForDeploymentPostprocessing = 0;
		};
/* End PBXFrameworksBuildPhase section */

/* Begin PBXGroup section */
		9A5F146E2FE3A4FF005B7BEC /* Frameworks */ = {
			isa = PBXGroup;
			children = (
				9A5F146F2FE3A4FF005B7BEC /* WidgetKit.framework */,
				9A5F14712FE3A4FF005B7BEC /* SwiftUI.framework */,
			);
			name = Frameworks;
			sourceTree = "<group>";
		};
		9A90DFDE2FD33A1400FA7078 = {
			isa = PBXGroup;
			children = (
				9ABEA83C2FF5C50A001C48A7 /* SummitWatchWidgetsExtension.entitlements */,
				9A13E0122FF074880084FDE9 /* SummitWidgetsExtensionDebug.entitlements */,
				9A5F14BE2FE3AEBA005B7BEC /* SummitWidgetsExtensionRelease.entitlements */,
				9A59D87B2FD353850038E040 /* Summit.xctestplan */,
				9A90DFE92FD33A1400FA7078 /* Summit */,
				9A90DFFB2FD33A1600FA7078 /* SummitTests */,
				9A90E0052FD33A1600FA7078 /* SummitUITests */,
				9A5F14732FE3A4FF005B7BEC /* SummitWidgets */,
				9A5F14942FE3A671005B7BEC /* SummitWatch Watch App */,
				9A5F14A22FE3A673005B7BEC /* SummitWatch Watch AppTests */,
				9A5F14AC2FE3A673005B7BEC /* SummitWatch Watch AppUITests */,
				9ABEA8282FF5C4D9001C48A7 /* SummitWatchWidgets */,
				9A5F146E2FE3A4FF005B7BEC /* Frameworks */,
				9A90DFE82FD33A1400FA7078 /* Products */,
			);
			sourceTree = "<group>";
		};
		9A90DFE82FD33A1400FA7078 /* Products */ = {
			isa = PBXGroup;
			children = (
				9A90DFE72FD33A1400FA7078 /* Summit.app */,
				9A90DFF82FD33A1600FA7078 /* SummitTests.xctest */,
				9A90E0022FD33A1600FA7078 /* SummitUITests.xctest */,
				9A5F146D2FE3A4FF005B7BEC /* SummitWidgetsExtension.appex */,
				9A5F148B2FE3A671005B7BEC /* SummitWatch.app */,
				9A5F14902FE3A671005B7BEC /* SummitWatch Watch App.app */,
				9A5F149F2FE3A673005B7BEC /* SummitWatch Watch AppTests.xctest */,
				9A5F14A92FE3A673005B7BEC /* SummitWatch Watch AppUITests.xctest */,
				9ABEA8252FF5C4D9001C48A7 /* SummitWatchWidgetsExtension.appex */,
			);
			name = Products;
			sourceTree = "<group>";
		};
/* End PBXGroup section */

/* Begin PBXNativeTarget section */
		9A5F146C2FE3A4FF005B7BEC /* SummitWidgetsExtension */ = {
			isa = PBXNativeTarget;
			buildConfigurationList = 9A5F14842FE3A500005B7BEC /* Build configuration list for PBXNativeTarget "SummitWidgetsExtension" */;
			buildPhases = (
				9A5F14692FE3A4FF005B7BEC /* Sources */,
				9A5F146A2FE3A4FF005B7BEC /* Frameworks */,
				9A5F146B2FE3A4FF005B7BEC /* Resources */,
			);
			buildRules = (
			);
			dependencies = (
			);
			fileSystemSynchronizedGroups = (
				9A5F14732FE3A4FF005B7BEC /* SummitWidgets */,
			);
			name = SummitWidgetsExtension;
			packageProductDependencies = (
			);
			productName = SummitWidgetsExtension;
			productReference = 9A5F146D2FE3A4FF005B7BEC /* SummitWidgetsExtension.appex */;
			productType = "com.apple.product-type.app-extension";
		};
		9A5F148A2FE3A671005B7BEC /* SummitWatch */ = {
			isa = PBXNativeTarget;
			buildConfigurationList = 9A5F14B52FE3A673005B7BEC /* Build configuration list for PBXNativeTarget "SummitWatch" */;
			buildPhases = (
				9A5F14892FE3A671005B7BEC /* Resources */,
				9A5F14B42FE3A673005B7BEC /* Embed Watch Content */,
			);
			buildRules = (
			);
			dependencies = (
				9A5F14932FE3A671005B7BEC /* PBXTargetDependency */,
			);
			name = SummitWatch;
			packageProductDependencies = (
			);
			productName = SummitWatch;
			productReference = 9A5F148B2FE3A671005B7BEC /* SummitWatch.app */;
			productType = "com.apple.product-type.application.watchapp2-container";
		};
		9A5F148F2FE3A671005B7BEC /* SummitWatch Watch App */ = {
			isa = PBXNativeTarget;
			buildConfigurationList = 9A5F14B12FE3A673005B7BEC /* Build configuration list for PBXNativeTarget "SummitWatch Watch App" */;
			buildPhases = (
				9A5F148C2FE3A671005B7BEC /* Sources */,
				9A5F148D2FE3A671005B7BEC /* Frameworks */,
				9A5F148E2FE3A671005B7BEC /* Resources */,
				9ABEA83B2FF5C4DB001C48A7 /* Embed Foundation Extensions */,
			);
			buildRules = (
			);
			dependencies = (
				9ABEA8352FF5C4DB001C48A7 /* PBXTargetDependency */,
			);
			fileSystemSynchronizedGroups = (
				9A5F14942FE3A671005B7BEC /* SummitWatch Watch App */,
			);
			name = "SummitWatch Watch App";
			packageProductDependencies = (
			);
			productName = "SummitWatch Watch App";
			productReference = 9A5F14902FE3A671005B7BEC /* SummitWatch Watch App.app */;
			productType = "com.apple.product-type.application";
		};
		9A5F149E2FE3A673005B7BEC /* SummitWatch Watch AppTests */ = {
			isa = PBXNativeTarget;
			buildConfigurationList = 9A5F14B82FE3A673005B7BEC /* Build configuration list for PBXNativeTarget "SummitWatch Watch AppTests" */;
			buildPhases = (
				9A5F149B2FE3A673005B7BEC /* Sources */,
				9A5F149C2FE3A673005B7BEC /* Frameworks */,
				9A5F149D2FE3A673005B7BEC /* Resources */,
			);
			buildRules = (
			);
			dependencies = (
				9A5F14A12FE3A673005B7BEC /* PBXTargetDependency */,
			);
			fileSystemSynchronizedGroups = (
				9A5F14A22FE3A673005B7BEC /* SummitWatch Watch AppTests */,
			);
			name = "SummitWatch Watch AppTests";
			packageProductDependencies = (
			);
			productName = "SummitWatch Watch AppTests";
			productReference = 9A5F149F2FE3A673005B7BEC /* SummitWatch Watch AppTests.xctest */;
			productType = "com.apple.product-type.bundle.unit-test";
		};
		9A5F14A82FE3A673005B7BEC /* SummitWatch Watch AppUITests */ = {
			isa = PBXNativeTarget;
			buildConfigurationList = 9A5F14BB2FE3A673005B7BEC /* Build configuration list for PBXNativeTarget "SummitWatch Watch AppUITests" */;
			buildPhases = (
				9A5F14A52FE3A673005B7BEC /* Sources */,
				9A5F14A62FE3A673005B7BEC /* Frameworks */,
				9A5F14A72FE3A673005B7BEC /* Resources */,
			);
			buildRules = (
			);
			dependencies = (
				9A5F14AB2FE3A673005B7BEC /* PBXTargetDependency */,
			);
			fileSystemSynchronizedGroups = (
				9A5F14AC2FE3A673005B7BEC /* SummitWatch Watch AppUITests */,
			);
			name = "SummitWatch Watch AppUITests";
			packageProductDependencies = (
			);
			productName = "SummitWatch Watch AppUITests";
			productReference = 9A5F14A92FE3A673005B7BEC /* SummitWatch Watch AppUITests.xctest */;
			productType = "com.apple.product-type.bundle.ui-testing";
		};
		9A90DFE62FD33A1400FA7078 /* Summit */ = {
			isa = PBXNativeTarget;
			buildConfigurationList = 9A90E00B2FD33A1600FA7078 /* Build configuration list for PBXNativeTarget "Summit" */;
			buildPhases = (
				9A90DFE32FD33A1400FA7078 /* Sources */,
				9A90DFE42FD33A1400FA7078 /* Frameworks */,
				9A90DFE52FD33A1400FA7078 /* Resources */,
				9A5F14882FE3A500005B7BEC /* Embed Foundation Extensions */,
			);
			buildRules = (
			);
			dependencies = (
				9A5F14822FE3A500005B7BEC /* PBXTargetDependency */,
			);
			fileSystemSynchronizedGroups = (
				9A90DFE92FD33A1400FA7078 /* Summit */,
			);
			name = Summit;
			packageProductDependencies = (
				9ACC449E2FE7223500A8194E /* Auth */,
				9ACC44A02FE7223500A8194E /* Functions */,
				9ACC44A22FE7223500A8194E /* PostgREST */,
				9ACC44A42FE7223500A8194E /* Realtime */,
				9ACC44A62FE7223500A8194E /* Storage */,
				9ACC44A82FE7223500A8194E /* Supabase */,
			);
			productName = Summit;
			productReference = 9A90DFE72FD33A1400FA7078 /* Summit.app */;
			productType = "com.apple.product-type.application";
		};
		9A90DFF72FD33A1600FA7078 /* SummitTests */ = {
			isa = PBXNativeTarget;
			buildConfigurationList = 9A90E0102FD33A1600FA7078 /* Build configuration list for PBXNativeTarget "SummitTests" */;
			buildPhases = (
				9A90DFF42FD33A1600FA7078 /* Sources */,
				9A90DFF52FD33A1600FA7078 /* Frameworks */,
				9A90DFF62FD33A1600FA7078 /* Resources */,
			);
			buildRules = (
			);
			dependencies = (
				9A90DFFA2FD33A1600FA7078 /* PBXTargetDependency */,
			);
			fileSystemSynchronizedGroups = (
				9A90DFFB2FD33A1600FA7078 /* SummitTests */,
			);
			name = SummitTests;
			packageProductDependencies = (
			);
			productName = SummitTests;
			productReference = 9A90DFF82FD33A1600FA7078 /* SummitTests.xctest */;
			productType = "com.apple.product-type.bundle.unit-test";
		};
		9A90E0012FD33A1600FA7078 /* SummitUITests */ = {
			isa = PBXNativeTarget;
			buildConfigurationList = 9A90E0132FD33A1600FA7078 /* Build configuration list for PBXNativeTarget "SummitUITests" */;
			buildPhases = (
				9A90DFFE2FD33A1600FA7078 /* Sources */,
				9A90DFFF2FD33A1600FA7078 /* Frameworks */,
				9A90E0002FD33A1600FA7078 /* Resources */,
			);
			buildRules = (
			);
			dependencies = (
				9A90E0042FD33A1600FA7078 /* PBXTargetDependency */,
			);
			fileSystemSynchronizedGroups = (
				9A90E0052FD33A1600FA7078 /* SummitUITests */,
			);
			name = SummitUITests;
			packageProductDependencies = (
			);
			productName = SummitUITests;
			productReference = 9A90E0022FD33A1600FA7078 /* SummitUITests.xctest */;
			productType = "com.apple.product-type.bundle.ui-testing";
		};
		9ABEA8242FF5C4D9001C48A7 /* SummitWatchWidgetsExtension */ = {
			isa = PBXNativeTarget;
			buildConfigurationList = 9ABEA8382FF5C4DB001C48A7 /* Build configuration list for PBXNativeTarget "SummitWatchWidgetsExtension" */;
			buildPhases = (
				9ABEA8212FF5C4D9001C48A7 /* Sources */,
				9ABEA8222FF5C4D9001C48A7 /* Frameworks */,
				9ABEA8232FF5C4D9001C48A7 /* Resources */,
			);
			buildRules = (
			);
			dependencies = (
			);
			fileSystemSynchronizedGroups = (
				9ABEA8282FF5C4D9001C48A7 /* SummitWatchWidgets */,
			);
			name = SummitWatchWidgetsExtension;
			packageProductDependencies = (
			);
			productName = SummitWatchWidgetsExtension;
			productReference = 9ABEA8252FF5C4D9001C48A7 /* SummitWatchWidgetsExtension.appex */;
			productType = "com.apple.product-type.app-extension";
		};
/* End PBXNativeTarget section */

/* Begin PBXProject section */
		9A90DFDF2FD33A1400FA7078 /* Project object */ = {
			isa = PBXProject;
			attributes = {
				BuildIndependentTargetsInParallel = 1;
				LastSwiftUpdateCheck = 2660;
				LastUpgradeCheck = 2660;
				TargetAttributes = {
					9A5F146C2FE3A4FF005B7BEC = {
						CreatedOnToolsVersion = 26.5;
					};
					9A5F148A2FE3A671005B7BEC = {
						CreatedOnToolsVersion = 26.5;
					};
					9A5F148F2FE3A671005B7BEC = {
						CreatedOnToolsVersion = 26.5;
					};
					9A5F149E2FE3A673005B7BEC = {
						CreatedOnToolsVersion = 26.5;
						TestTargetID = 9A5F148F2FE3A671005B7BEC;
					};
					9A5F14A82FE3A673005B7BEC = {
						CreatedOnToolsVersion = 26.5;
						TestTargetID = 9A5F148F2FE3A671005B7BEC;
					};
					9A90DFE62FD33A1400FA7078 = {
						CreatedOnToolsVersion = 26.2;
					};
					9A90DFF72FD33A1600FA7078 = {
						CreatedOnToolsVersion = 26.2;
						TestTargetID = 9A90DFE62FD33A1400FA7078;
					};
					9A90E0012FD33A1600FA7078 = {
						CreatedOnToolsVersion = 26.2;
						TestTargetID = 9A90DFE62FD33A1400FA7078;
					};
					9ABEA8242FF5C4D9001C48A7 = {
						CreatedOnToolsVersion = 26.6;
					};
				};
			};
			buildConfigurationList = 9A90DFE22FD33A1400FA7078 /* Build configuration list for PBXProject "Summit" */;
			developmentRegion = en;
			hasScannedForEncodings = 0;
			knownRegions = (
				en,
				Base,
			);
			mainGroup = 9A90DFDE2FD33A1400FA7078;
			minimizedProjectReferenceProxies = 1;
			packageReferences = (
				9ACC449D2FE7223500A8194E /* XCRemoteSwiftPackageReference "supabase-swift" */,
			);
			preferredProjectObjectVersion = 77;
			productRefGroup = 9A90DFE82FD33A1400FA7078 /* Products */;
			projectDirPath = "";
			projectRoot = "";
			targets = (
				9A90DFE62FD33A1400FA7078 /* Summit */,
				9A90DFF72FD33A1600FA7078 /* SummitTests */,
				9A90E0012FD33A1600FA7078 /* SummitUITests */,
				9A5F146C2FE3A4FF005B7BEC /* SummitWidgetsExtension */,
				9A5F148A2FE3A671005B7BEC /* SummitWatch */,
				9A5F148F2FE3A671005B7BEC /* SummitWatch Watch App */,
				9A5F149E2FE3A673005B7BEC /* SummitWatch Watch AppTests */,
				9A5F14A82FE3A673005B7BEC /* SummitWatch Watch AppUITests */,
				9ABEA8242FF5C4D9001C48A7 /* SummitWatchWidgetsExtension */,
			);
		};
/* End PBXProject section */

/* Begin PBXResourcesBuildPhase section */
		9A5F146B2FE3A4FF005B7BEC /* Resources */ = {
			isa = PBXResourcesBuildPhase;
			buildActionMask = 2147483647;
			files = (
			);
			runOnlyForDeploymentPostprocessing = 0;
		};
		9A5F14892FE3A671005B7BEC /* Resources */ = {
			isa = PBXResourcesBuildPhase;
			buildActionMask = 2147483647;
			files = (
			);
			runOnlyForDeploymentPostprocessing = 0;
		};
		9A5F148E2FE3A671005B7BEC /* Resources */ = {
			isa = PBXResourcesBuildPhase;
			buildActionMask = 2147483647;
			files = (
			);
			runOnlyForDeploymentPostprocessing = 0;
		};
		9A5F149D2FE3A673005B7BEC /* Resources */ = {
			isa = PBXResourcesBuildPhase;
			buildActionMask = 2147483647;
			files = (
			);
			runOnlyForDeploymentPostprocessing = 0;
		};
		9A5F14A72FE3A673005B7BEC /* Resources */ = {
			isa = PBXResourcesBuildPhase;
			buildActionMask = 2147483647;
			files = (
			);
			runOnlyForDeploymentPostprocessing = 0;
		};
		9A90DFE52FD33A1400FA7078 /* Resources */ = {
			isa = PBXResourcesBuildPhase;
			buildActionMask = 2147483647;
			files = (
			);
			runOnlyForDeploymentPostprocessing = 0;
		};
		9A90DFF62FD33A1600FA7078 /* Resources */ = {
			isa = PBXResourcesBuildPhase;
			buildActionMask = 2147483647;
			files = (
			);
			runOnlyForDeploymentPostprocessing = 0;
		};
		9A90E0002FD33A1600FA7078 /* Resources */ = {
			isa = PBXResourcesBuildPhase;
			buildActionMask = 2147483647;
			files = (
			);
			runOnlyForDeploymentPostprocessing = 0;
		};
		9ABEA8232FF5C4D9001C48A7 /* Resources */ = {
			isa = PBXResourcesBuildPhase;
			buildActionMask = 2147483647;
			files = (
			);
			runOnlyForDeploymentPostprocessing = 0;
		};
/* End PBXResourcesBuildPhase section */

/* Begin PBXSourcesBuildPhase section */
		9A5F14692FE3A4FF005B7BEC /* Sources */ = {
			isa = PBXSourcesBuildPhase;
			buildActionMask = 2147483647;
			files = (
			);
			runOnlyForDeploymentPostprocessing = 0;
		};
		9A5F148C2FE3A671005B7BEC /* Sources */ = {
			isa = PBXSourcesBuildPhase;
			buildActionMask = 2147483647;
			files = (
			);
			runOnlyForDeploymentPostprocessing = 0;
		};
		9A5F149B2FE3A673005B7BEC /* Sources */ = {
			isa = PBXSourcesBuildPhase;
			buildActionMask = 2147483647;
			files = (
			);
			runOnlyForDeploymentPostprocessing = 0;
		};
		9A5F14A52FE3A673005B7BEC /* Sources */ = {
			isa = PBXSourcesBuildPhase;
			buildActionMask = 2147483647;
			files = (
			);
			runOnlyForDeploymentPostprocessing = 0;
		};
		9A90DFE32FD33A1400FA7078 /* Sources */ = {
			isa = PBXSourcesBuildPhase;
			buildActionMask = 2147483647;
			files = (
			);
			runOnlyForDeploymentPostprocessing = 0;
		};
		9A90DFF42FD33A1600FA7078 /* Sources */ = {
			isa = PBXSourcesBuildPhase;
			buildActionMask = 2147483647;
			files = (
			);
			runOnlyForDeploymentPostprocessing = 0;
		};
		9A90DFFE2FD33A1600FA7078 /* Sources */ = {
			isa = PBXSourcesBuildPhase;
			buildActionMask = 2147483647;
			files = (
			);
			runOnlyForDeploymentPostprocessing = 0;
		};
		9ABEA8212FF5C4D9001C48A7 /* Sources */ = {
			isa = PBXSourcesBuildPhase;
			buildActionMask = 2147483647;
			files = (
			);
			runOnlyForDeploymentPostprocessing = 0;
		};
/* End PBXSourcesBuildPhase section */

/* Begin PBXTargetDependency section */
		9A5F14822FE3A500005B7BEC /* PBXTargetDependency */ = {
			isa = PBXTargetDependency;
			target = 9A5F146C2FE3A4FF005B7BEC /* SummitWidgetsExtension */;
			targetProxy = 9A5F14812FE3A500005B7BEC /* PBXContainerItemProxy */;
		};
		9A5F14932FE3A671005B7BEC /* PBXTargetDependency */ = {
			isa = PBXTargetDependency;
			target = 9A5F148F2FE3A671005B7BEC /* SummitWatch Watch App */;
			targetProxy = 9A5F14922FE3A671005B7BEC /* PBXContainerItemProxy */;
		};
		9A5F14A12FE3A673005B7BEC /* PBXTargetDependency */ = {
			isa = PBXTargetDependency;
			target = 9A5F148F2FE3A671005B7BEC /* SummitWatch Watch App */;
			targetProxy = 9A5F14A02FE3A673005B7BEC /* PBXContainerItemProxy */;
		};
		9A5F14AB2FE3A673005B7BEC /* PBXTargetDependency */ = {
			isa = PBXTargetDependency;
			target = 9A5F148F2FE3A671005B7BEC /* SummitWatch Watch App */;
			targetProxy = 9A5F14AA2FE3A673005B7BEC /* PBXContainerItemProxy */;
		};
		9A90DFFA2FD33A1600FA7078 /* PBXTargetDependency */ = {
			isa = PBXTargetDependency;
			target = 9A90DFE62FD33A1400FA7078 /* Summit */;
			targetProxy = 9A90DFF92FD33A1600FA7078 /* PBXContainerItemProxy */;
		};
		9A90E0042FD33A1600FA7078 /* PBXTargetDependency */ = {
			isa = PBXTargetDependency;
			target = 9A90DFE62FD33A1400FA7078 /* Summit */;
			targetProxy = 9A90E0032FD33A1600FA7078 /* PBXContainerItemProxy */;
		};
		9ABEA8352FF5C4DB001C48A7 /* PBXTargetDependency */ = {
			isa = PBXTargetDependency;
			target = 9ABEA8242FF5C4D9001C48A7 /* SummitWatchWidgetsExtension */;
			targetProxy = 9ABEA8342FF5C4DB001C48A7 /* PBXContainerItemProxy */;
		};
/* End PBXTargetDependency section */

/* Begin XCBuildConfiguration section */
		9A5F14852FE3A500005B7BEC /* Debug */ = {
			isa = XCBuildConfiguration;
			buildSettings = {
				ASSETCATALOG_COMPILER_GLOBAL_ACCENT_COLOR_NAME = AccentColor;
				ASSETCATALOG_COMPILER_WIDGET_BACKGROUND_COLOR_NAME = WidgetBackground;
				CODE_SIGN_ENTITLEMENTS = SummitWidgetsExtensionDebug.entitlements;
				CODE_SIGN_STYLE = Automatic;
				CURRENT_PROJECT_VERSION = 1;
				DEVELOPMENT_TEAM = Z5ZHQ58FLU;
				GENERATE_INFOPLIST_FILE = YES;
				INFOPLIST_FILE = SummitWidgets/Info.plist;
				INFOPLIST_KEY_CFBundleDisplayName = SummitWidgets;
				INFOPLIST_KEY_NSHumanReadableCopyright = "";
				IPHONEOS_DEPLOYMENT_TARGET = 26.5;
				LD_RUNPATH_SEARCH_PATHS = (
					"$(inherited)",
					"@executable_path/Frameworks",
					"@executable_path/../../Frameworks",
				);
				MARKETING_VERSION = 1.0;
				PRODUCT_BUNDLE_IDENTIFIER = com.welker.Summit.SummitWidgets;
				PRODUCT_NAME = "$(TARGET_NAME)";
				SDKROOT = iphoneos;
				SKIP_INSTALL = YES;
				STRING_CATALOG_GENERATE_SYMBOLS = YES;
				SWIFT_APPROACHABLE_CONCURRENCY = YES;
				SWIFT_EMIT_LOC_STRINGS = YES;
				SWIFT_UPCOMING_FEATURE_MEMBER_IMPORT_VISIBILITY = YES;
				SWIFT_VERSION = 5.0;
				TARGETED_DEVICE_FAMILY = "1,2";
			};
			name = Debug;
		};
		9A5F14862FE3A500005B7BEC /* Release */ = {
			isa = XCBuildConfiguration;
			buildSettings = {
				ASSETCATALOG_COMPILER_GLOBAL_ACCENT_COLOR_NAME = AccentColor;
				ASSETCATALOG_COMPILER_WIDGET_BACKGROUND_COLOR_NAME = WidgetBackground;
				CODE_SIGN_ENTITLEMENTS = SummitWidgetsExtensionRelease.entitlements;
				CODE_SIGN_STYLE = Automatic;
				CURRENT_PROJECT_VERSION = 1;
				DEVELOPMENT_TEAM = Z5ZHQ58FLU;
				GENERATE_INFOPLIST_FILE = YES;
				INFOPLIST_FILE = SummitWidgets/Info.plist;
				INFOPLIST_KEY_CFBundleDisplayName = SummitWidgets;
				INFOPLIST_KEY_NSHumanReadableCopyright = "";
				IPHONEOS_DEPLOYMENT_TARGET = 26.5;
				LD_RUNPATH_SEARCH_PATHS = (
					"$(inherited)",
					"@executable_path/Frameworks",
					"@executable_path/../../Frameworks",
				);
				MARKETING_VERSION = 1.0;
				PRODUCT_BUNDLE_IDENTIFIER = com.welker.Summit.SummitWidgets;
				PRODUCT_NAME = "$(TARGET_NAME)";
				SDKROOT = iphoneos;
				SKIP_INSTALL = YES;
				STRING_CATALOG_GENERATE_SYMBOLS = YES;
				SWIFT_APPROACHABLE_CONCURRENCY = YES;
				SWIFT_EMIT_LOC_STRINGS = YES;
				SWIFT_UPCOMING_FEATURE_MEMBER_IMPORT_VISIBILITY = YES;
				SWIFT_VERSION = 5.0;
				TARGETED_DEVICE_FAMILY = "1,2";
				VALIDATE_PRODUCT = YES;
			};
			name = Release;
		};
		9A5F14B22FE3A673005B7BEC /* Debug */ = {
			isa = XCBuildConfiguration;
			buildSettings = {
				ASSETCATALOG_COMPILER_APPICON_NAME = AppIcon;
				ASSETCATALOG_COMPILER_GLOBAL_ACCENT_COLOR_NAME = AccentColor;
				CODE_SIGN_ENTITLEMENTS = "SummitWatch Watch App/SummitWatch Watch App.entitlements";
				CODE_SIGN_STYLE = Automatic;
				CURRENT_PROJECT_VERSION = 1;
				DEVELOPMENT_TEAM = Z5ZHQ58FLU;
				ENABLE_PREVIEWS = YES;
				GENERATE_INFOPLIST_FILE = YES;
				INFOPLIST_KEY_CFBundleDisplayName = SummitWatch;
				INFOPLIST_KEY_UISupportedInterfaceOrientations = "UIInterfaceOrientationPortrait UIInterfaceOrientationPortraitUpsideDown";
				INFOPLIST_KEY_WKWatchOnly = YES;
				LD_RUNPATH_SEARCH_PATHS = (
					"$(inherited)",
					"@executable_path/Frameworks",
				);
				MARKETING_VERSION = 1.0;
				PRODUCT_BUNDLE_IDENTIFIER = com.welker.Summit.SummitWatch.watchkitapp;
				PRODUCT_NAME = "$(TARGET_NAME)";
				SDKROOT = watchos;
				SKIP_INSTALL = YES;
				STRING_CATALOG_GENERATE_SYMBOLS = YES;
				SWIFT_APPROACHABLE_CONCURRENCY = YES;
				SWIFT_DEFAULT_ACTOR_ISOLATION = MainActor;
				SWIFT_EMIT_LOC_STRINGS = YES;
				SWIFT_UPCOMING_FEATURE_MEMBER_IMPORT_VISIBILITY = YES;
				SWIFT_VERSION = 5.0;
				TARGETED_DEVICE_FAMILY = 4;
				WATCHOS_DEPLOYMENT_TARGET = 26.5;
			};
			name = Debug;
		};
		9A5F14B32FE3A673005B7BEC /* Release */ = {
			isa = XCBuildConfiguration;
			buildSettings = {
				ASSETCATALOG_COMPILER_APPICON_NAME = AppIcon;
				ASSETCATALOG_COMPILER_GLOBAL_ACCENT_COLOR_NAME = AccentColor;
				CODE_SIGN_ENTITLEMENTS = "SummitWatch Watch App/SummitWatch Watch App.entitlements";
				CODE_SIGN_STYLE = Automatic;
				CURRENT_PROJECT_VERSION = 1;
				DEVELOPMENT_TEAM = Z5ZHQ58FLU;
				ENABLE_PREVIEWS = YES;
				GENERATE_INFOPLIST_FILE = YES;
				INFOPLIST_KEY_CFBundleDisplayName = SummitWatch;
				INFOPLIST_KEY_UISupportedInterfaceOrientations = "UIInterfaceOrientationPortrait UIInterfaceOrientationPortraitUpsideDown";
				INFOPLIST_KEY_WKWatchOnly = YES;
				LD_RUNPATH_SEARCH_PATHS = (
					"$(inherited)",
					"@executable_path/Frameworks",
				);
				MARKETING_VERSION = 1.0;
				PRODUCT_BUNDLE_IDENTIFIER = com.welker.Summit.SummitWatch.watchkitapp;
				PRODUCT_NAME = "$(TARGET_NAME)";
				SDKROOT = watchos;
				SKIP_INSTALL = YES;
				STRING_CATALOG_GENERATE_SYMBOLS = YES;
				SWIFT_APPROACHABLE_CONCURRENCY = YES;
				SWIFT_DEFAULT_ACTOR_ISOLATION = MainActor;
				SWIFT_EMIT_LOC_STRINGS = YES;
				SWIFT_UPCOMING_FEATURE_MEMBER_IMPORT_VISIBILITY = YES;
				SWIFT_VERSION = 5.0;
				TARGETED_DEVICE_FAMILY = 4;
				VALIDATE_PRODUCT = YES;
				WATCHOS_DEPLOYMENT_TARGET = 26.5;
			};
			name = Release;
		};
		9A5F14B62FE3A673005B7BEC /* Debug */ = {
			isa = XCBuildConfiguration;
			buildSettings = {
				CODE_SIGN_STYLE = Automatic;
				CURRENT_PROJECT_VERSION = 1;
				DEVELOPMENT_TEAM = Z5ZHQ58FLU;
				INFOPLIST_KEY_CFBundleDisplayName = SummitWatch;
				MARKETING_VERSION = 1.0;
				PRODUCT_BUNDLE_IDENTIFIER = com.welker.Summit.SummitWatch;
				PRODUCT_NAME = "$(TARGET_NAME)";
				SDKROOT = iphoneos;
				SWIFT_APPROACHABLE_CONCURRENCY = YES;
				SWIFT_UPCOMING_FEATURE_MEMBER_IMPORT_VISIBILITY = YES;
				SWIFT_VERSION = 5.0;
			};
			name = Debug;
		};
		9A5F14B72FE3A673005B7BEC /* Release */ = {
			isa = XCBuildConfiguration;
			buildSettings = {
				CODE_SIGN_STYLE = Automatic;
				CURRENT_PROJECT_VERSION = 1;
				DEVELOPMENT_TEAM = Z5ZHQ58FLU;
				INFOPLIST_KEY_CFBundleDisplayName = SummitWatch;
				MARKETING_VERSION = 1.0;
				PRODUCT_BUNDLE_IDENTIFIER = com.welker.Summit.SummitWatch;
				PRODUCT_NAME = "$(TARGET_NAME)";
				SDKROOT = iphoneos;
				SWIFT_APPROACHABLE_CONCURRENCY = YES;
				SWIFT_UPCOMING_FEATURE_MEMBER_IMPORT_VISIBILITY = YES;
				SWIFT_VERSION = 5.0;
				VALIDATE_PRODUCT = YES;
			};
			name = Release;
		};
		9A5F14B92FE3A673005B7BEC /* Debug */ = {
			isa = XCBuildConfiguration;
			buildSettings = {
				BUNDLE_LOADER = "$(TEST_HOST)";
				CODE_SIGN_STYLE = Automatic;
				CURRENT_PROJECT_VERSION = 1;
				DEVELOPMENT_TEAM = Z5ZHQ58FLU;
				GENERATE_INFOPLIST_FILE = YES;
				MARKETING_VERSION = 1.0;
				PRODUCT_BUNDLE_IDENTIFIER = "BudgetingApp.Summit.SummitWatch-Watch-AppTests";
				PRODUCT_NAME = "$(TARGET_NAME)";
				SDKROOT = watchos;
				STRING_CATALOG_GENERATE_SYMBOLS = NO;
				SWIFT_APPROACHABLE_CONCURRENCY = YES;
				SWIFT_EMIT_LOC_STRINGS = NO;
				SWIFT_UPCOMING_FEATURE_MEMBER_IMPORT_VISIBILITY = YES;
				SWIFT_VERSION = 5.0;
				TARGETED_DEVICE_FAMILY = 4;
				TEST_HOST = "$(BUILT_PRODUCTS_DIR)/SummitWatch Watch App.app/$(BUNDLE_EXECUTABLE_FOLDER_PATH)/SummitWatch Watch App";
				WATCHOS_DEPLOYMENT_TARGET = 26.5;
			};
			name = Debug;
		};
		9A5F14BA2FE3A673005B7BEC /* Release */ = {
			isa = XCBuildConfiguration;
			buildSettings = {
				BUNDLE_LOADER = "$(TEST_HOST)";
				CODE_SIGN_STYLE = Automatic;
				CURRENT_PROJECT_VERSION = 1;
				DEVELOPMENT_TEAM = Z5ZHQ58FLU;
				GENERATE_INFOPLIST_FILE = YES;
				MARKETING_VERSION = 1.0;
				PRODUCT_BUNDLE_IDENTIFIER = "BudgetingApp.Summit.SummitWatch-Watch-AppTests";
				PRODUCT_NAME = "$(TARGET_NAME)";
				SDKROOT = watchos;
				STRING_CATALOG_GENERATE_SYMBOLS = NO;
				SWIFT_APPROACHABLE_CONCURRENCY = YES;
				SWIFT_EMIT_LOC_STRINGS = NO;
				SWIFT_UPCOMING_FEATURE_MEMBER_IMPORT_VISIBILITY = YES;
				SWIFT_VERSION = 5.0;
				TARGETED_DEVICE_FAMILY = 4;
				TEST_HOST = "$(BUILT_PRODUCTS_DIR)/SummitWatch Watch App.app/$(BUNDLE_EXECUTABLE_FOLDER_PATH)/SummitWatch Watch App";
				VALIDATE_PRODUCT = YES;
				WATCHOS_DEPLOYMENT_TARGET = 26.5;
			};
			name = Release;
		};
		9A5F14BC2FE3A673005B7BEC /* Debug */ = {
			isa = XCBuildConfiguration;
			buildSettings = {
				CODE_SIGN_STYLE = Automatic;
				CURRENT_PROJECT_VERSION = 1;
				DEVELOPMENT_TEAM = Z5ZHQ58FLU;
				GENERATE_INFOPLIST_FILE = YES;
				MARKETING_VERSION = 1.0;
				PRODUCT_BUNDLE_IDENTIFIER = "BudgetingApp.Summit.SummitWatch-Watch-AppUITests";
				PRODUCT_NAME = "$(TARGET_NAME)";
				SDKROOT = watchos;
				STRING_CATALOG_GENERATE_SYMBOLS = NO;
				SWIFT_APPROACHABLE_CONCURRENCY = YES;
				SWIFT_EMIT_LOC_STRINGS = NO;
				SWIFT_UPCOMING_FEATURE_MEMBER_IMPORT_VISIBILITY = YES;
				SWIFT_VERSION = 5.0;
				TARGETED_DEVICE_FAMILY = 4;
				TEST_TARGET_NAME = "SummitWatch Watch App";
				WATCHOS_DEPLOYMENT_TARGET = 26.5;
			};
			name = Debug;
		};
		9A5F14BD2FE3A673005B7BEC /* Release */ = {
			isa = XCBuildConfiguration;
			buildSettings = {
				CODE_SIGN_STYLE = Automatic;
				CURRENT_PROJECT_VERSION = 1;
				DEVELOPMENT_TEAM = Z5ZHQ58FLU;
				GENERATE_INFOPLIST_FILE = YES;
				MARKETING_VERSION = 1.0;
				PRODUCT_BUNDLE_IDENTIFIER = "BudgetingApp.Summit.SummitWatch-Watch-AppUITests";
				PRODUCT_NAME = "$(TARGET_NAME)";
				SDKROOT = watchos;
				STRING_CATALOG_GENERATE_SYMBOLS = NO;
				SWIFT_APPROACHABLE_CONCURRENCY = YES;
				SWIFT_EMIT_LOC_STRINGS = NO;
				SWIFT_UPCOMING_FEATURE_MEMBER_IMPORT_VISIBILITY = YES;
				SWIFT_VERSION = 5.0;
				TARGETED_DEVICE_FAMILY = 4;
				TEST_TARGET_NAME = "SummitWatch Watch App";
				VALIDATE_PRODUCT = YES;
				WATCHOS_DEPLOYMENT_TARGET = 26.5;
			};
			name = Release;
		};
		9A90E00C2FD33A1600FA7078 /* Debug */ = {
			isa = XCBuildConfiguration;
			buildSettings = {
				ASSETCATALOG_COMPILER_APPICON_NAME = AppIcon;
				ASSETCATALOG_COMPILER_GLOBAL_ACCENT_COLOR_NAME = AccentColor;
				CODE_SIGN_ENTITLEMENTS = Summit/Summit.entitlements;
				CODE_SIGN_IDENTITY = "Apple Development";
				CODE_SIGN_STYLE = Automatic;
				CURRENT_PROJECT_VERSION = 1;
				DEAD_CODE_STRIPPING = YES;
				DEVELOPMENT_TEAM = Z5ZHQ58FLU;
				ENABLE_APP_SANDBOX = YES;
				ENABLE_HARDENED_RUNTIME = YES;
				ENABLE_INCOMING_NETWORK_CONNECTIONS = NO;
				ENABLE_OUTGOING_NETWORK_CONNECTIONS = NO;
				ENABLE_PREVIEWS = YES;
				ENABLE_RESOURCE_ACCESS_AUDIO_INPUT = NO;
				ENABLE_RESOURCE_ACCESS_BLUETOOTH = NO;
				ENABLE_RESOURCE_ACCESS_CALENDARS = NO;
				ENABLE_RESOURCE_ACCESS_CAMERA = NO;
				ENABLE_RESOURCE_ACCESS_CONTACTS = NO;
				ENABLE_RESOURCE_ACCESS_LOCATION = NO;
				ENABLE_RESOURCE_ACCESS_PRINTING = NO;
				ENABLE_RESOURCE_ACCESS_USB = NO;
				ENABLE_USER_SELECTED_FILES = readonly;
				GENERATE_INFOPLIST_FILE = YES;
				INFOPLIST_FILE = Summit/Info.plist;
				INFOPLIST_KEY_CFBundleDisplayName = Summit;
				INFOPLIST_KEY_LSApplicationCategoryType = "public.app-category.finance";
				INFOPLIST_KEY_NSCameraUsageDescription = "Summit uses the camera to capture receipts and extract line items on-device.";
				INFOPLIST_KEY_NSPhotoLibraryUsageDescription = "Summit needs access to your photos so you can pick a receipt to scan.";
				INFOPLIST_KEY_NSSupportsLiveActivities = YES;
				"INFOPLIST_KEY_UIApplicationSceneManifest_Generation[sdk=iphoneos*]" = YES;
				"INFOPLIST_KEY_UIApplicationSceneManifest_Generation[sdk=iphonesimulator*]" = YES;
				"INFOPLIST_KEY_UIApplicationSupportsIndirectInputEvents[sdk=iphoneos*]" = YES;
				"INFOPLIST_KEY_UIApplicationSupportsIndirectInputEvents[sdk=iphonesimulator*]" = YES;
				"INFOPLIST_KEY_UILaunchScreen_Generation[sdk=iphoneos*]" = YES;
				"INFOPLIST_KEY_UILaunchScreen_Generation[sdk=iphonesimulator*]" = YES;
				"INFOPLIST_KEY_UIStatusBarStyle[sdk=iphoneos*]" = UIStatusBarStyleDefault;
				"INFOPLIST_KEY_UIStatusBarStyle[sdk=iphonesimulator*]" = UIStatusBarStyleDefault;
				INFOPLIST_KEY_UISupportedInterfaceOrientations_iPad = "UIInterfaceOrientationPortrait UIInterfaceOrientationPortraitUpsideDown UIInterfaceOrientationLandscapeLeft UIInterfaceOrientationLandscapeRight";
				INFOPLIST_KEY_UISupportedInterfaceOrientations_iPhone = "UIInterfaceOrientationPortrait UIInterfaceOrientationLandscapeLeft UIInterfaceOrientationLandscapeRight";
				IPHONEOS_DEPLOYMENT_TARGET = 26.0;
				LD_RUNPATH_SEARCH_PATHS = "@executable_path/Frameworks";
				"LD_RUNPATH_SEARCH_PATHS[sdk=macosx*]" = "@executable_path/../Frameworks";
				MACOSX_DEPLOYMENT_TARGET = 26.0;
				MARKETING_VERSION = 1.0;
				PRODUCT_BUNDLE_IDENTIFIER = com.welker.Summit;
				PRODUCT_NAME = "$(TARGET_NAME)";
				PROVISIONING_PROFILE_SPECIFIER = "";
				REGISTER_APP_GROUPS = YES;
				SDKROOT = auto;
				STRING_CATALOG_GENERATE_SYMBOLS = YES;
				SUPPORTED_PLATFORMS = "iphoneos iphonesimulator macosx xros xrsimulator";
				SWIFT_APPROACHABLE_CONCURRENCY = YES;
				SWIFT_DEFAULT_ACTOR_ISOLATION = MainActor;
				SWIFT_EMIT_LOC_STRINGS = YES;
				SWIFT_UPCOMING_FEATURE_MEMBER_IMPORT_VISIBILITY = YES;
				SWIFT_VERSION = 5.0;
				TARGETED_DEVICE_FAMILY = "1,2,7";
				XROS_DEPLOYMENT_TARGET = 2.6;
			};
			name = Debug;
		};
		9A90E00D2FD33A1600FA7078 /* Release */ = {
			isa = XCBuildConfiguration;
			buildSettings = {
				ASSETCATALOG_COMPILER_APPICON_NAME = AppIcon;
				ASSETCATALOG_COMPILER_GLOBAL_ACCENT_COLOR_NAME = AccentColor;
				CODE_SIGN_ENTITLEMENTS = Summit/Summit.entitlements;
				CODE_SIGN_IDENTITY = "Apple Development";
				CODE_SIGN_STYLE = Automatic;
				CURRENT_PROJECT_VERSION = 1;
				DEAD_CODE_STRIPPING = YES;
				DEVELOPMENT_TEAM = Z5ZHQ58FLU;
				ENABLE_APP_SANDBOX = YES;
				ENABLE_HARDENED_RUNTIME = YES;
				ENABLE_INCOMING_NETWORK_CONNECTIONS = NO;
				ENABLE_OUTGOING_NETWORK_CONNECTIONS = NO;
				ENABLE_PREVIEWS = YES;
				ENABLE_RESOURCE_ACCESS_AUDIO_INPUT = NO;
				ENABLE_RESOURCE_ACCESS_BLUETOOTH = NO;
				ENABLE_RESOURCE_ACCESS_CALENDARS = NO;
				ENABLE_RESOURCE_ACCESS_CAMERA = NO;
				ENABLE_RESOURCE_ACCESS_CONTACTS = NO;
				ENABLE_RESOURCE_ACCESS_LOCATION = NO;
				ENABLE_RESOURCE_ACCESS_PRINTING = NO;
				ENABLE_RESOURCE_ACCESS_USB = NO;
				ENABLE_USER_SELECTED_FILES = readonly;
				GENERATE_INFOPLIST_FILE = YES;
				INFOPLIST_FILE = Summit/Info.plist;
				INFOPLIST_KEY_CFBundleDisplayName = Summit;
				INFOPLIST_KEY_LSApplicationCategoryType = "public.app-category.finance";
				INFOPLIST_KEY_NSCameraUsageDescription = "Summit uses the camera to capture receipts and extract line items on-device.";
				INFOPLIST_KEY_NSPhotoLibraryUsageDescription = "Summit needs access to your photos so you can pick a receipt to scan.";
				INFOPLIST_KEY_NSSupportsLiveActivities = YES;
				"INFOPLIST_KEY_UIApplicationSceneManifest_Generation[sdk=iphoneos*]" = YES;
				"INFOPLIST_KEY_UIApplicationSceneManifest_Generation[sdk=iphonesimulator*]" = YES;
				"INFOPLIST_KEY_UIApplicationSupportsIndirectInputEvents[sdk=iphoneos*]" = YES;
				"INFOPLIST_KEY_UIApplicationSupportsIndirectInputEvents[sdk=iphonesimulator*]" = YES;
				"INFOPLIST_KEY_UILaunchScreen_Generation[sdk=iphoneos*]" = YES;
				"INFOPLIST_KEY_UILaunchScreen_Generation[sdk=iphonesimulator*]" = YES;
				"INFOPLIST_KEY_UIStatusBarStyle[sdk=iphoneos*]" = UIStatusBarStyleDefault;
				"INFOPLIST_KEY_UIStatusBarStyle[sdk=iphonesimulator*]" = UIStatusBarStyleDefault;
				INFOPLIST_KEY_UISupportedInterfaceOrientations_iPad = "UIInterfaceOrientationPortrait UIInterfaceOrientationPortraitUpsideDown UIInterfaceOrientationLandscapeLeft UIInterfaceOrientationLandscapeRight";
				INFOPLIST_KEY_UISupportedInterfaceOrientations_iPhone = "UIInterfaceOrientationPortrait UIInterfaceOrientationLandscapeLeft UIInterfaceOrientationLandscapeRight";
				IPHONEOS_DEPLOYMENT_TARGET = 26.0;
				LD_RUNPATH_SEARCH_PATHS = "@executable_path/Frameworks";
				"LD_RUNPATH_SEARCH_PATHS[sdk=macosx*]" = "@executable_path/../Frameworks";
				MACOSX_DEPLOYMENT_TARGET = 26.0;
				MARKETING_VERSION = 1.0;
				PRODUCT_BUNDLE_IDENTIFIER = com.welker.Summit;
				PRODUCT_NAME = "$(TARGET_NAME)";
				PROVISIONING_PROFILE_SPECIFIER = "";
				REGISTER_APP_GROUPS = YES;
				SDKROOT = auto;
				STRING_CATALOG_GENERATE_SYMBOLS = YES;
				SUPPORTED_PLATFORMS = "iphoneos iphonesimulator macosx xros xrsimulator";
				SWIFT_APPROACHABLE_CONCURRENCY = YES;
				SWIFT_DEFAULT_ACTOR_ISOLATION = MainActor;
				SWIFT_EMIT_LOC_STRINGS = YES;
				SWIFT_UPCOMING_FEATURE_MEMBER_IMPORT_VISIBILITY = YES;
				SWIFT_VERSION = 5.0;
				TARGETED_DEVICE_FAMILY = "1,2,7";
				XROS_DEPLOYMENT_TARGET = 2.6;
			};
			name = Release;
		};
		9A90E00E2FD33A1600FA7078 /* Debug */ = {
			isa = XCBuildConfiguration;
			buildSettings = {
				ALWAYS_SEARCH_USER_PATHS = NO;
				ASSETCATALOG_COMPILER_GENERATE_SWIFT_ASSET_SYMBOL_EXTENSIONS = YES;
				CLANG_ANALYZER_NONNULL = YES;
				CLANG_ANALYZER_NUMBER_OBJECT_CONVERSION = YES_AGGRESSIVE;
				CLANG_CXX_LANGUAGE_STANDARD = "gnu++20";
				CLANG_ENABLE_MODULES = YES;
				CLANG_ENABLE_OBJC_ARC = YES;
				CLANG_ENABLE_OBJC_WEAK = YES;
				CLANG_WARN_BLOCK_CAPTURE_AUTORELEASING = YES;
				CLANG_WARN_BOOL_CONVERSION = YES;
				CLANG_WARN_COMMA = YES;
				CLANG_WARN_CONSTANT_CONVERSION = YES;
				CLANG_WARN_DEPRECATED_OBJC_IMPLEMENTATIONS = YES;
				CLANG_WARN_DIRECT_OBJC_ISA_USAGE = YES_ERROR;
				CLANG_WARN_DOCUMENTATION_COMMENTS = YES;
				CLANG_WARN_EMPTY_BODY = YES;
				CLANG_WARN_ENUM_CONVERSION = YES;
				CLANG_WARN_INFINITE_RECURSION = YES;
				CLANG_WARN_INT_CONVERSION = YES;
				CLANG_WARN_NON_LITERAL_NULL_CONVERSION = YES;
				CLANG_WARN_OBJC_IMPLICIT_RETAIN_SELF = YES;
				CLANG_WARN_OBJC_LITERAL_CONVERSION = YES;
				CLANG_WARN_OBJC_ROOT_CLASS = YES_ERROR;
				CLANG_WARN_QUOTED_INCLUDE_IN_FRAMEWORK_HEADER = YES;
				CLANG_WARN_RANGE_LOOP_ANALYSIS = YES;
				CLANG_WARN_STRICT_PROTOTYPES = YES;
				CLANG_WARN_SUSPICIOUS_MOVE = YES;
				CLANG_WARN_UNGUARDED_AVAILABILITY = YES_AGGRESSIVE;
				CLANG_WARN_UNREACHABLE_CODE = YES;
				CLANG_WARN__DUPLICATE_METHOD_MATCH = YES;
				COPY_PHASE_STRIP = NO;
				DEAD_CODE_STRIPPING = YES;
				DEBUG_INFORMATION_FORMAT = dwarf;
				ENABLE_STRICT_OBJC_MSGSEND = YES;
				ENABLE_TESTABILITY = YES;
				ENABLE_USER_SCRIPT_SANDBOXING = YES;
				GCC_C_LANGUAGE_STANDARD = gnu17;
				GCC_DYNAMIC_NO_PIC = NO;
				GCC_NO_COMMON_BLOCKS = YES;
				GCC_OPTIMIZATION_LEVEL = 0;
				GCC_PREPROCESSOR_DEFINITIONS = (
					"DEBUG=1",
					"$(inherited)",
				);
				GCC_WARN_64_TO_32_BIT_CONVERSION = YES;
				GCC_WARN_ABOUT_RETURN_TYPE = YES_ERROR;
				GCC_WARN_UNDECLARED_SELECTOR = YES;
				GCC_WARN_UNINITIALIZED_AUTOS = YES_AGGRESSIVE;
				GCC_WARN_UNUSED_FUNCTION = YES;
				GCC_WARN_UNUSED_VARIABLE = YES;
				LOCALIZATION_PREFERS_STRING_CATALOGS = YES;
				MTL_ENABLE_DEBUG_INFO = INCLUDE_SOURCE;
				MTL_FAST_MATH = YES;
				ONLY_ACTIVE_ARCH = YES;
				STRING_CATALOG_GENERATE_SYMBOLS = YES;
				SWIFT_ACTIVE_COMPILATION_CONDITIONS = "DEBUG $(inherited)";
				SWIFT_OPTIMIZATION_LEVEL = "-Onone";
			};
			name = Debug;
		};
		9A90E00F2FD33A1600FA7078 /* Release */ = {
			isa = XCBuildConfiguration;
			buildSettings = {
				ALWAYS_SEARCH_USER_PATHS = NO;
				ASSETCATALOG_COMPILER_GENERATE_SWIFT_ASSET_SYMBOL_EXTENSIONS = YES;
				CLANG_ANALYZER_NONNULL = YES;
				CLANG_ANALYZER_NUMBER_OBJECT_CONVERSION = YES_AGGRESSIVE;
				CLANG_CXX_LANGUAGE_STANDARD = "gnu++20";
				CLANG_ENABLE_MODULES = YES;
				CLANG_ENABLE_OBJC_ARC = YES;
				CLANG_ENABLE_OBJC_WEAK = YES;
				CLANG_WARN_BLOCK_CAPTURE_AUTORELEASING = YES;
				CLANG_WARN_BOOL_CONVERSION = YES;
				CLANG_WARN_COMMA = YES;
				CLANG_WARN_CONSTANT_CONVERSION = YES;
				CLANG_WARN_DEPRECATED_OBJC_IMPLEMENTATIONS = YES;
				CLANG_WARN_DIRECT_OBJC_ISA_USAGE = YES_ERROR;
				CLANG_WARN_DOCUMENTATION_COMMENTS = YES;
				CLANG_WARN_EMPTY_BODY = YES;
				CLANG_WARN_ENUM_CONVERSION = YES;
				CLANG_WARN_INFINITE_RECURSION = YES;
				CLANG_WARN_INT_CONVERSION = YES;
				CLANG_WARN_NON_LITERAL_NULL_CONVERSION = YES;
				CLANG_WARN_OBJC_IMPLICIT_RETAIN_SELF = YES;
				CLANG_WARN_OBJC_LITERAL_CONVERSION = YES;
				CLANG_WARN_OBJC_ROOT_CLASS = YES_ERROR;
				CLANG_WARN_QUOTED_INCLUDE_IN_FRAMEWORK_HEADER = YES;
				CLANG_WARN_RANGE_LOOP_ANALYSIS = YES;
				CLANG_WARN_STRICT_PROTOTYPES = YES;
				CLANG_WARN_SUSPICIOUS_MOVE = YES;
				CLANG_WARN_UNGUARDED_AVAILABILITY = YES_AGGRESSIVE;
				CLANG_WARN_UNREACHABLE_CODE = YES;
				CLANG_WARN__DUPLICATE_METHOD_MATCH = YES;
				COPY_PHASE_STRIP = NO;
				DEAD_CODE_STRIPPING = YES;
				DEBUG_INFORMATION_FORMAT = "dwarf-with-dsym";
				ENABLE_NS_ASSERTIONS = NO;
				ENABLE_STRICT_OBJC_MSGSEND = YES;
				ENABLE_USER_SCRIPT_SANDBOXING = YES;
				GCC_C_LANGUAGE_STANDARD = gnu17;
				GCC_NO_COMMON_BLOCKS = YES;
				GCC_WARN_64_TO_32_BIT_CONVERSION = YES;
				GCC_WARN_ABOUT_RETURN_TYPE = YES_ERROR;
				GCC_WARN_UNDECLARED_SELECTOR = YES;
				GCC_WARN_UNINITIALIZED_AUTOS = YES_AGGRESSIVE;
				GCC_WARN_UNUSED_FUNCTION = YES;
				GCC_WARN_UNUSED_VARIABLE = YES;
				LOCALIZATION_PREFERS_STRING_CATALOGS = YES;
				MTL_ENABLE_DEBUG_INFO = NO;
				MTL_FAST_MATH = YES;
				STRING_CATALOG_GENERATE_SYMBOLS = YES;
				SWIFT_COMPILATION_MODE = wholemodule;
			};
			name = Release;
		};
		9A90E0112FD33A1600FA7078 /* Debug */ = {
			isa = XCBuildConfiguration;
			buildSettings = {
				BUNDLE_LOADER = "$(TEST_HOST)";
				CODE_SIGN_STYLE = Automatic;
				CURRENT_PROJECT_VERSION = 1;
				DEAD_CODE_STRIPPING = YES;
				DEVELOPMENT_TEAM = Z5ZHQ58FLU;
				GENERATE_INFOPLIST_FILE = YES;
				IPHONEOS_DEPLOYMENT_TARGET = 26.2;
				MACOSX_DEPLOYMENT_TARGET = 26.2;
				MARKETING_VERSION = 1.0;
				PRODUCT_BUNDLE_IDENTIFIER = BudgetingApp.SummitTests;
				PRODUCT_NAME = "$(TARGET_NAME)";
				SDKROOT = auto;
				STRING_CATALOG_GENERATE_SYMBOLS = NO;
				SUPPORTED_PLATFORMS = "iphoneos iphonesimulator macosx xros xrsimulator";
				SWIFT_APPROACHABLE_CONCURRENCY = YES;
				SWIFT_EMIT_LOC_STRINGS = NO;
				SWIFT_UPCOMING_FEATURE_MEMBER_IMPORT_VISIBILITY = YES;
				SWIFT_VERSION = 5.0;
				TARGETED_DEVICE_FAMILY = "1,2,7";
				TEST_HOST = "$(BUILT_PRODUCTS_DIR)/Summit.app/$(BUNDLE_EXECUTABLE_FOLDER_PATH)/Summit";
				XROS_DEPLOYMENT_TARGET = 26.2;
			};
			name = Debug;
		};
		9A90E0122FD33A1600FA7078 /* Release */ = {
			isa = XCBuildConfiguration;
			buildSettings = {
				BUNDLE_LOADER = "$(TEST_HOST)";
				CODE_SIGN_STYLE = Automatic;
				CURRENT_PROJECT_VERSION = 1;
				DEAD_CODE_STRIPPING = YES;
				DEVELOPMENT_TEAM = Z5ZHQ58FLU;
				GENERATE_INFOPLIST_FILE = YES;
				IPHONEOS_DEPLOYMENT_TARGET = 26.2;
				MACOSX_DEPLOYMENT_TARGET = 26.2;
				MARKETING_VERSION = 1.0;
				PRODUCT_BUNDLE_IDENTIFIER = BudgetingApp.SummitTests;
				PRODUCT_NAME = "$(TARGET_NAME)";
				SDKROOT = auto;
				STRING_CATALOG_GENERATE_SYMBOLS = NO;
				SUPPORTED_PLATFORMS = "iphoneos iphonesimulator macosx xros xrsimulator";
				SWIFT_APPROACHABLE_CONCURRENCY = YES;
				SWIFT_EMIT_LOC_STRINGS = NO;
				SWIFT_UPCOMING_FEATURE_MEMBER_IMPORT_VISIBILITY = YES;
				SWIFT_VERSION = 5.0;
				TARGETED_DEVICE_FAMILY = "1,2,7";
				TEST_HOST = "$(BUILT_PRODUCTS_DIR)/Summit.app/$(BUNDLE_EXECUTABLE_FOLDER_PATH)/Summit";
				XROS_DEPLOYMENT_TARGET = 26.2;
			};
			name = Release;
		};
		9A90E0142FD33A1600FA7078 /* Debug */ = {
			isa = XCBuildConfiguration;
			buildSettings = {
				CODE_SIGN_STYLE = Automatic;
				CURRENT_PROJECT_VERSION = 1;
				DEAD_CODE_STRIPPING = YES;
				DEVELOPMENT_TEAM = Z5ZHQ58FLU;
				GENERATE_INFOPLIST_FILE = YES;
				IPHONEOS_DEPLOYMENT_TARGET = 26.2;
				MACOSX_DEPLOYMENT_TARGET = 26.2;
				MARKETING_VERSION = 1.0;
				PRODUCT_BUNDLE_IDENTIFIER = BudgetingApp.SummitUITests;
				PRODUCT_NAME = "$(TARGET_NAME)";
				SDKROOT = auto;
				STRING_CATALOG_GENERATE_SYMBOLS = NO;
				SUPPORTED_PLATFORMS = "iphoneos iphonesimulator macosx xros xrsimulator";
				SWIFT_APPROACHABLE_CONCURRENCY = YES;
				SWIFT_EMIT_LOC_STRINGS = NO;
				SWIFT_UPCOMING_FEATURE_MEMBER_IMPORT_VISIBILITY = YES;
				SWIFT_VERSION = 5.0;
				TARGETED_DEVICE_FAMILY = "1,2,7";
				TEST_TARGET_NAME = Summit;
				XROS_DEPLOYMENT_TARGET = 26.2;
			};
			name = Debug;
		};
		9A90E0152FD33A1600FA7078 /* Release */ = {
			isa = XCBuildConfiguration;
			buildSettings = {
				CODE_SIGN_STYLE = Automatic;
				CURRENT_PROJECT_VERSION = 1;
				DEAD_CODE_STRIPPING = YES;
				DEVELOPMENT_TEAM = Z5ZHQ58FLU;
				GENERATE_INFOPLIST_FILE = YES;
				IPHONEOS_DEPLOYMENT_TARGET = 26.2;
				MACOSX_DEPLOYMENT_TARGET = 26.2;
				MARKETING_VERSION = 1.0;
				PRODUCT_BUNDLE_IDENTIFIER = BudgetingApp.SummitUITests;
				PRODUCT_NAME = "$(TARGET_NAME)";
				SDKROOT = auto;
				STRING_CATALOG_GENERATE_SYMBOLS = NO;
				SUPPORTED_PLATFORMS = "iphoneos iphonesimulator macosx xros xrsimulator";
				SWIFT_APPROACHABLE_CONCURRENCY = YES;
				SWIFT_EMIT_LOC_STRINGS = NO;
				SWIFT_UPCOMING_FEATURE_MEMBER_IMPORT_VISIBILITY = YES;
				SWIFT_VERSION = 5.0;
				TARGETED_DEVICE_FAMILY = "1,2,7";
				TEST_TARGET_NAME = Summit;
				XROS_DEPLOYMENT_TARGET = 26.2;
			};
			name = Release;
		};
		9ABEA8392FF5C4DB001C48A7 /* Debug */ = {
			isa = XCBuildConfiguration;
			buildSettings = {
				ASSETCATALOG_COMPILER_GLOBAL_ACCENT_COLOR_NAME = AccentColor;
				ASSETCATALOG_COMPILER_WIDGET_BACKGROUND_COLOR_NAME = WidgetBackground;
				CODE_SIGN_ENTITLEMENTS = SummitWatchWidgetsExtension.entitlements;
				CODE_SIGN_STYLE = Automatic;
				CURRENT_PROJECT_VERSION = 1;
				DEVELOPMENT_TEAM = Z5ZHQ58FLU;
				GENERATE_INFOPLIST_FILE = YES;
				INFOPLIST_FILE = SummitWatchWidgets/Info.plist;
				INFOPLIST_KEY_CFBundleDisplayName = SummitWatchWidgets;
				INFOPLIST_KEY_NSHumanReadableCopyright = "";
				LD_RUNPATH_SEARCH_PATHS = (
					"$(inherited)",
					"@executable_path/Frameworks",
					"@executable_path/../../Frameworks",
					"@executable_path/../../../../Frameworks",
				);
				MARKETING_VERSION = 1.0;
				PRODUCT_BUNDLE_IDENTIFIER = com.welker.Summit.SummitWatch.watchkitapp.SummitWatchWidgets;
				PRODUCT_NAME = "$(TARGET_NAME)";
				SDKROOT = watchos;
				SKIP_INSTALL = YES;
				STRING_CATALOG_GENERATE_SYMBOLS = YES;
				SWIFT_APPROACHABLE_CONCURRENCY = YES;
				SWIFT_EMIT_LOC_STRINGS = YES;
				SWIFT_UPCOMING_FEATURE_MEMBER_IMPORT_VISIBILITY = YES;
				SWIFT_VERSION = 5.0;
				TARGETED_DEVICE_FAMILY = 4;
				WATCHOS_DEPLOYMENT_TARGET = 26.5;
			};
			name = Debug;
		};
		9ABEA83A2FF5C4DB001C48A7 /* Release */ = {
			isa = XCBuildConfiguration;
			buildSettings = {
				ASSETCATALOG_COMPILER_GLOBAL_ACCENT_COLOR_NAME = AccentColor;
				ASSETCATALOG_COMPILER_WIDGET_BACKGROUND_COLOR_NAME = WidgetBackground;
				CODE_SIGN_ENTITLEMENTS = SummitWatchWidgetsExtension.entitlements;
				CODE_SIGN_STYLE = Automatic;
				CURRENT_PROJECT_VERSION = 1;
				DEVELOPMENT_TEAM = Z5ZHQ58FLU;
				GENERATE_INFOPLIST_FILE = YES;
				INFOPLIST_FILE = SummitWatchWidgets/Info.plist;
				INFOPLIST_KEY_CFBundleDisplayName = SummitWatchWidgets;
				INFOPLIST_KEY_NSHumanReadableCopyright = "";
				LD_RUNPATH_SEARCH_PATHS = (
					"$(inherited)",
					"@executable_path/Frameworks",
					"@executable_path/../../Frameworks",
					"@executable_path/../../../../Frameworks",
				);
				MARKETING_VERSION = 1.0;
				PRODUCT_BUNDLE_IDENTIFIER = com.welker.Summit.SummitWatch.watchkitapp.SummitWatchWidgets;
				PRODUCT_NAME = "$(TARGET_NAME)";
				SDKROOT = watchos;
				SKIP_INSTALL = YES;
				STRING_CATALOG_GENERATE_SYMBOLS = YES;
				SWIFT_APPROACHABLE_CONCURRENCY = YES;
				SWIFT_EMIT_LOC_STRINGS = YES;
				SWIFT_UPCOMING_FEATURE_MEMBER_IMPORT_VISIBILITY = YES;
				SWIFT_VERSION = 5.0;
				TARGETED_DEVICE_FAMILY = 4;
				VALIDATE_PRODUCT = YES;
				WATCHOS_DEPLOYMENT_TARGET = 26.5;
			};
			name = Release;
		};
/* End XCBuildConfiguration section */

/* Begin XCConfigurationList section */
		9A5F14842FE3A500005B7BEC /* Build configuration list for PBXNativeTarget "SummitWidgetsExtension" */ = {
			isa = XCConfigurationList;
			buildConfigurations = (
				9A5F14852FE3A500005B7BEC /* Debug */,
				9A5F14862FE3A500005B7BEC /* Release */,
			);
			defaultConfigurationIsVisible = 0;
			defaultConfigurationName = Release;
		};
		9A5F14B12FE3A673005B7BEC /* Build configuration list for PBXNativeTarget "SummitWatch Watch App" */ = {
			isa = XCConfigurationList;
			buildConfigurations = (
				9A5F14B22FE3A673005B7BEC /* Debug */,
				9A5F14B32FE3A673005B7BEC /* Release */,
			);
			defaultConfigurationIsVisible = 0;
			defaultConfigurationName = Release;
		};
		9A5F14B52FE3A673005B7BEC /* Build configuration list for PBXNativeTarget "SummitWatch" */ = {
			isa = XCConfigurationList;
			buildConfigurations = (
				9A5F14B62FE3A673005B7BEC /* Debug */,
				9A5F14B72FE3A673005B7BEC /* Release */,
			);
			defaultConfigurationIsVisible = 0;
			defaultConfigurationName = Release;
		};
		9A5F14B82FE3A673005B7BEC /* Build configuration list for PBXNativeTarget "SummitWatch Watch AppTests" */ = {
			isa = XCConfigurationList;
			buildConfigurations = (
				9A5F14B92FE3A673005B7BEC /* Debug */,
				9A5F14BA2FE3A673005B7BEC /* Release */,
			);
			defaultConfigurationIsVisible = 0;
			defaultConfigurationName = Release;
		};
		9A5F14BB2FE3A673005B7BEC /* Build configuration list for PBXNativeTarget "SummitWatch Watch AppUITests" */ = {
			isa = XCConfigurationList;
			buildConfigurations = (
				9A5F14BC2FE3A673005B7BEC /* Debug */,
				9A5F14BD2FE3A673005B7BEC /* Release */,
			);
			defaultConfigurationIsVisible = 0;
			defaultConfigurationName = Release;
		};
		9A90DFE22FD33A1400FA7078 /* Build configuration list for PBXProject "Summit" */ = {
			isa = XCConfigurationList;
			buildConfigurations = (
				9A90E00E2FD33A1600FA7078 /* Debug */,
				9A90E00F2FD33A1600FA7078 /* Release */,
			);
			defaultConfigurationIsVisible = 0;
			defaultConfigurationName = Release;
		};
		9A90E00B2FD33A1600FA7078 /* Build configuration list for PBXNativeTarget "Summit" */ = {
			isa = XCConfigurationList;
			buildConfigurations = (
				9A90E00C2FD33A1600FA7078 /* Debug */,
				9A90E00D2FD33A1600FA7078 /* Release */,
			);
			defaultConfigurationIsVisible = 0;
			defaultConfigurationName = Release;
		};
		9A90E0102FD33A1600FA7078 /* Build configuration list for PBXNativeTarget "SummitTests" */ = {
			isa = XCConfigurationList;
			buildConfigurations = (
				9A90E0112FD33A1600FA7078 /* Debug */,
				9A90E0122FD33A1600FA7078 /* Release */,
			);
			defaultConfigurationIsVisible = 0;
			defaultConfigurationName = Release;
		};
		9A90E0132FD33A1600FA7078 /* Build configuration list for PBXNativeTarget "SummitUITests" */ = {
			isa = XCConfigurationList;
			buildConfigurations = (
				9A90E0142FD33A1600FA7078 /* Debug */,
				9A90E0152FD33A1600FA7078 /* Release */,
			);
			defaultConfigurationIsVisible = 0;
			defaultConfigurationName = Release;
		};
		9ABEA8382FF5C4DB001C48A7 /* Build configuration list for PBXNativeTarget "SummitWatchWidgetsExtension" */ = {
			isa = XCConfigurationList;
			buildConfigurations = (
				9ABEA8392FF5C4DB001C48A7 /* Debug */,
				9ABEA83A2FF5C4DB001C48A7 /* Release */,
			);
			defaultConfigurationIsVisible = 0;
			defaultConfigurationName = Release;
		};
/* End XCConfigurationList section */

/* Begin XCRemoteSwiftPackageReference section */
		9ACC449D2FE7223500A8194E /* XCRemoteSwiftPackageReference "supabase-swift" */ = {
			isa = XCRemoteSwiftPackageReference;
			repositoryURL = "https://github.com/supabase/supabase-swift";
			requirement = {
				kind = upToNextMajorVersion;
				minimumVersion = 2.5.1;
			};
		};
/* End XCRemoteSwiftPackageReference section */

/* Begin XCSwiftPackageProductDependency section */
		9ACC449E2FE7223500A8194E /* Auth */ = {
			isa = XCSwiftPackageProductDependency;
			package = 9ACC449D2FE7223500A8194E /* XCRemoteSwiftPackageReference "supabase-swift" */;
			productName = Auth;
		};
		9ACC44A02FE7223500A8194E /* Functions */ = {
			isa = XCSwiftPackageProductDependency;
			package = 9ACC449D2FE7223500A8194E /* XCRemoteSwiftPackageReference "supabase-swift" */;
			productName = Functions;
		};
		9ACC44A22FE7223500A8194E /* PostgREST */ = {
			isa = XCSwiftPackageProductDependency;
			package = 9ACC449D2FE7223500A8194E /* XCRemoteSwiftPackageReference "supabase-swift" */;
			productName = PostgREST;
		};
		9ACC44A42FE7223500A8194E /* Realtime */ = {
			isa = XCSwiftPackageProductDependency;
			package = 9ACC449D2FE7223500A8194E /* XCRemoteSwiftPackageReference "supabase-swift" */;
			productName = Realtime;
		};
		9ACC44A62FE7223500A8194E /* Storage */ = {
			isa = XCSwiftPackageProductDependency;
			package = 9ACC449D2FE7223500A8194E /* XCRemoteSwiftPackageReference "supabase-swift" */;
			productName = Storage;
		};
		9ACC44A82FE7223500A8194E /* Supabase */ = {
			isa = XCSwiftPackageProductDependency;
			package = 9ACC449D2FE7223500A8194E /* XCRemoteSwiftPackageReference "supabase-swift" */;
			productName = Supabase;
		};
/* End XCSwiftPackageProductDependency section */
	};
	rootObject = 9A90DFDF2FD33A1400FA7078 /* Project object */;
}
